
Microsoft Visual Studio Solution File, Format Version 12.00
# Visual Studio Version 16
VisualStudioVersion = 16.0.33214.272
MinimumVisualStudioVersion = 10.0.40219.1
Project("{FAE04EC0-301F-11D3-BF4B-00C04F79EFBC}") = "ProjUserValidation", "ProjUserValidation\ProjUserValidation.csproj", "{F473F480-FBE2-47BB-B55F-F71AACA0ED66}"
EndProject
Project("{FAE04EC0-301F-11D3-BF4B-00C04F79EFBC}") = "Models", "Models\Models.csproj", "{C0FB095A-3EB6-4DC7-B43F-F664D6D4C2EF}"
EndProject
Project("{FAE04EC0-301F-11D3-BF4B-00C04F79EFBC}") = "DataAccess", "DataAccess\DataAccess.csproj", "{C3AAF0E3-8309-4656-9EC0-B0926B78592C}"
EndProject
Global
	GlobalSection(SolutionConfigurationPlatforms) = preSolution
		Debug|Any CPU = Debug|Any CPU
		Release|Any CPU = Release|Any CPU
	EndGlobalSection
	GlobalSection(ProjectConfigurationPlatforms) = postSolution
		{F473F480-FBE2-47BB-B55F-F71AACA0ED66}.Debug|Any CPU.ActiveCfg = Debug|Any CPU
		{F473F480-FBE2-47BB-B55F-F71AACA0ED66}.Debug|Any CPU.Build.0 = Debug|Any CPU
		{F473F480-FBE2-47BB-B55F-F71AACA0ED66}.Release|Any CPU.ActiveCfg = Release|Any CPU
		{F473F480-FBE2-47BB-B55F-F71AACA0ED66}.Release|Any CPU.Build.0 = Release|Any CPU
		{C0FB095A-3EB6-4DC7-B43F-F664D6D4C2EF}.Debug|Any CPU.ActiveCfg = Debug|Any CPU
		{C0FB095A-3EB6-4DC7-B43F-F664D6D4C2EF}.Debug|Any CPU.Build.0 = Debug|Any CPU
		{C0FB095A-3EB6-4DC7-B43F-F664D6D4C2EF}.Release|Any CPU.ActiveCfg = Release|Any CPU
		{C0FB095A-3EB6-4DC7-B43F-F664D6D4C2EF}.Release|Any CPU.Build.0 = Release|Any CPU
		{C3AAF0E3-8309-4656-9EC0-B0926B78592C}.Debug|Any CPU.ActiveCfg = Debug|Any CPU
		{C3AAF0E3-8309-4656-9EC0-B0926B78592C}.Debug|Any CPU.Build.0 = Debug|Any CPU
		{C3AAF0E3-8309-4656-9EC0-B0926B78592C}.Release|Any CPU.ActiveCfg = Release|Any CPU
		{C3AAF0E3-8309-4656-9EC0-B0926B78592C}.Release|Any CPU.Build.0 = Release|Any CPU
	EndGlobalSection
	GlobalSection(SolutionProperties) = preSolution
		HideSolutionNode = FALSE
	EndGlobalSection
	GlobalSection(ExtensibilityGlobals) = postSolution
		SolutionGuid = {1F952C39-D4B3-4D30-A132-528D89A1C37C}
	EndGlobalSection
EndGlobal
